
Microsoft Visual Studio Solution File, Format Version 12.00
Project("{FAE04EC0-301F-11D3-BF4B-00C04F79EFBC}") = "Head First Design Patterns", "Head First Design Patterns\Head First Design Patterns.csproj", "{93BFD5E6-FC9F-49EA-A2A8-329840AC31C3}"
EndProject
Global
	GlobalSection(SolutionConfigurationPlatforms) = preSolution
		Debug|Any CPU = Debug|Any CPU
		Release|Any CPU = Release|Any CPU
	EndGlobalSection
	GlobalSection(ProjectConfigurationPlatforms) = postSolution
		{93BFD5E6-FC9F-49EA-A2A8-329840AC31C3}.Debug|Any CPU.ActiveCfg = Debug|Any CPU
		{93BFD5E6-FC9F-49EA-A2A8-329840AC31C3}.Debug|Any CPU.Build.0 = Debug|Any CPU
		{93BFD5E6-FC9F-49EA-A2A8-329840AC31C3}.Release|Any CPU.ActiveCfg = Release|Any CPU
		{93BFD5E6-FC9F-49EA-A2A8-329840AC31C3}.Release|Any CPU.Build.0 = Release|Any CPU
	EndGlobalSection
EndGlobal
